
Microsoft Visual Studio Solution File, Format Version 12.00
# Visual Studio Version 16
VisualStudioVersion = 16.0.32802.440
MinimumVisualStudioVersion = 10.0.40219.1
Project("{FAE04EC0-301F-11D3-BF4B-00C04F79EFBC}") = "Task_1", "Task_1\Task_1.csproj", "{78E1EE2F-22AF-4BDB-8C3A-6E7E0E4C57B6}"
EndProject
Global
	GlobalSection(SolutionConfigurationPlatforms) = preSolution
		Debug|Any CPU = Debug|Any CPU
		Release|Any CPU = Release|Any CPU
	EndGlobalSection
	GlobalSection(ProjectConfigurationPlatforms) = postSolution
		{78E1EE2F-22AF-4BDB-8C3A-6E7E0E4C57B6}.Debug|Any CPU.ActiveCfg = Debug|Any CPU
		{78E1EE2F-22AF-4BDB-8C3A-6E7E0E4C57B6}.Debug|Any CPU.Build.0 = Debug|Any CPU
		{78E1EE2F-22AF-4BDB-8C3A-6E7E0E4C57B6}.Release|Any CPU.ActiveCfg = Release|Any CPU
		{78E1EE2F-22AF-4BDB-8C3A-6E7E0E4C57B6}.Release|Any CPU.Build.0 = Release|Any CPU
	EndGlobalSection
	GlobalSection(SolutionProperties) = preSolution
		HideSolutionNode = FALSE
	EndGlobalSection
	GlobalSection(ExtensibilityGlobals) = postSolution
		SolutionGuid = {98E7E62A-34A5-4E23-9EB8-25EA3D987AD9}
	EndGlobalSection
EndGlobal
